
Microsoft Visual Studio Solution File, Format Version 12.00
# Visual Studio Version 17
VisualStudioVersion = 17.1.32421.90
MinimumVisualStudioVersion = 10.0.40219.1
Project("{FAE04EC0-301F-11D3-BF4B-00C04F79EFBC}") = "AltaMobile", "AltaMobile\AltaMobile.csproj", "{4AA53A22-7663-4AC3-A6BC-75BF60E76BC0}"
EndProject
Global
	GlobalSection(SolutionConfigurationPlatforms) = preSolution
		Debug|Any CPU = Debug|Any CPU
		Release|Any CPU = Release|Any CPU
	EndGlobalSection
	GlobalSection(ProjectConfigurationPlatforms) = postSolution
		{4AA53A22-7663-4AC3-A6BC-75BF60E76BC0}.Debug|Any CPU.ActiveCfg = Debug|Any CPU
		{4AA53A22-7663-4AC3-A6BC-75BF60E76BC0}.Debug|Any CPU.Build.0 = Debug|Any CPU
		{4AA53A22-7663-4AC3-A6BC-75BF60E76BC0}.Release|Any CPU.ActiveCfg = Release|Any CPU
		{4AA53A22-7663-4AC3-A6BC-75BF60E76BC0}.Release|Any CPU.Build.0 = Release|Any CPU
	EndGlobalSection
	GlobalSection(SolutionProperties) = preSolution
		HideSolutionNode = FALSE
	EndGlobalSection
	GlobalSection(ExtensibilityGlobals) = postSolution
		SolutionGuid = {815CC3C2-C0F4-4D88-B738-A2A4D4330E7B}
	EndGlobalSection
EndGlobal
